
Microsoft Visual Studio Solution File, Format Version 12.00
# Visual Studio Version 16
VisualStudioVersion = 16.0.29230.47
MinimumVisualStudioVersion = 10.0.40219.1
Project("{FAE04EC0-301F-11D3-BF4B-00C04F79EFBC}") = "JNUnCov2019Checkin", "JNUnCov2019Checkin\JNUnCov2019Checkin.csproj", "{00412902-91E5-4514-8F62-BA160B7B383D}"
EndProject
Global
	GlobalSection(SolutionConfigurationPlatforms) = preSolution
		Debug|Any CPU = Debug|Any CPU
		Release|Any CPU = Release|Any CPU
	EndGlobalSection
	GlobalSection(ProjectConfigurationPlatforms) = postSolution
		{00412902-91E5-4514-8F62-BA160B7B383D}.Debug|Any CPU.ActiveCfg = Debug|Any CPU
		{00412902-91E5-4514-8F62-BA160B7B383D}.Debug|Any CPU.Build.0 = Debug|Any CPU
		{00412902-91E5-4514-8F62-BA160B7B383D}.Release|Any CPU.ActiveCfg = Release|Any CPU
		{00412902-91E5-4514-8F62-BA160B7B383D}.Release|Any CPU.Build.0 = Release|Any CPU
	EndGlobalSection
	GlobalSection(SolutionProperties) = preSolution
		HideSolutionNode = FALSE
	EndGlobalSection
	GlobalSection(ExtensibilityGlobals) = postSolution
		SolutionGuid = {2245950C-9897-450D-9977-4BE28A30AC5F}
	EndGlobalSection
EndGlobal
